
Microsoft Visual Studio Solution File, Format Version 12.00
# Visual Studio Version 16
VisualStudioVersion = 16.0.31911.196
MinimumVisualStudioVersion = 10.0.40219.1
Project("{FAE04EC0-301F-11D3-BF4B-00C04F79EFBC}") = "XamarinFormsNFC", "XamarinFormsNFC\XamarinFormsNFC.csproj", "{A1E285CF-B9A1-43BC-8AA4-8403663F237B}"
EndProject
Project("{FAE04EC0-301F-11D3-BF4B-00C04F79EFBC}") = "XamarinFormsNFC.Android", "XamarinFormsNFC.Android\XamarinFormsNFC.Android.csproj", "{935E0712-B01C-4718-AD11-058AC0D13699}"
EndProject
Project("{FAE04EC0-301F-11D3-BF4B-00C04F79EFBC}") = "XamarinFormsNFC.iOS", "XamarinFormsNFC.iOS\XamarinFormsNFC.iOS.csproj", "{1AB2CD97-B018-4A77-B5AE-36163BA280B7}"
EndProject
Global
	GlobalSection(SolutionConfigurationPlatforms) = preSolution
		Ad-Hoc|Any CPU = Ad-Hoc|Any CPU
		Ad-Hoc|iPhone = Ad-Hoc|iPhone
		Ad-Hoc|iPhoneSimulator = Ad-Hoc|iPhoneSimulator
		AppStore|Any CPU = AppStore|Any CPU
		AppStore|iPhone = AppStore|iPhone
		AppStore|iPhoneSimulator = AppStore|iPhoneSimulator
		Debug|Any CPU = Debug|Any CPU
		Debug|iPhone = Debug|iPhone
		Debug|iPhoneSimulator = Debug|iPhoneSimulator
		Release|Any CPU = Release|Any CPU
		Release|iPhone = Release|iPhone
		Release|iPhoneSimulator = Release|iPhoneSimulator
	EndGlobalSection
	GlobalSection(ProjectConfigurationPlatforms) = postSolution
		{A1E285CF-B9A1-43BC-8AA4-8403663F237B}.Ad-Hoc|Any CPU.ActiveCfg = Debug|Any CPU
		{A1E285CF-B9A1-43BC-8AA4-8403663F237B}.Ad-Hoc|Any CPU.Build.0 = Debug|Any CPU
		{A1E285CF-B9A1-43BC-8AA4-8403663F237B}.Ad-Hoc|iPhone.ActiveCfg = Debug|Any CPU
		{A1E285CF-B9A1-43BC-8AA4-8403663F237B}.Ad-Hoc|iPhone.Build.0 = Debug|Any CPU
		{A1E285CF-B9A1-43BC-8AA4-8403663F237B}.Ad-Hoc|iPhoneSimulator.ActiveCfg = Debug|Any CPU
		{A1E285CF-B9A1-43BC-8AA4-8403663F237B}.Ad-Hoc|iPhoneSimulator.Build.0 = Debug|Any CPU
		{A1E285CF-B9A1-43BC-8AA4-8403663F237B}.AppStore|Any CPU.ActiveCfg = Debug|Any CPU
		{A1E285CF-B9A1-43BC-8AA4-8403663F237B}.AppStore|Any CPU.Build.0 = Debug|Any CPU
		{A1E285CF-B9A1-43BC-8AA4-8403663F237B}.AppStore|iPhone.ActiveCfg = Debug|Any CPU
		{A1E285CF-B9A1-43BC-8AA4-8403663F237B}.AppStore|iPhone.Build.0 = Debug|Any CPU
		{A1E285CF-B9A1-43BC-8AA4-8403663F237B}.AppStore|iPhoneSimulator.ActiveCfg = Debug|Any CPU
		{A1E285CF-B9A1-43BC-8AA4-8403663F237B}.AppStore|iPhoneSimulator.Build.0 = Debug|Any CPU
		{A1E285CF-B9A1-43BC-8AA4-8403663F237B}.Debug|Any CPU.ActiveCfg = Debug|Any CPU
		{A1E285CF-B9A1-43BC-8AA4-8403663F237B}.Debug|Any CPU.Build.0 = Debug|Any CPU
		{A1E285CF-B9A1-43BC-8AA4-8403663F237B}.Debug|iPhone.ActiveCfg = Debug|Any CPU
		{A1E285CF-B9A1-43BC-8AA4-8403663F237B}.Debug|iPhone.Build.0 = Debug|Any CPU
		{A1E285CF-B9A1-43BC-8AA4-8403663F237B}.Debug|iPhoneSimulator.ActiveCfg = Debug|Any CPU
		{A1E285CF-B9A1-43BC-8AA4-8403663F237B}.Debug|iPhoneSimulator.Build.0 = Debug|Any CPU
		{A1E285CF-B9A1-43BC-8AA4-8403663F237B}.Release|Any CPU.ActiveCfg = Release|Any CPU
		{A1E285CF-B9A1-43BC-8AA4-8403663F237B}.Release|Any CPU.Build.0 = Release|Any CPU
		{A1E285CF-B9A1-43BC-8AA4-8403663F237B}.Release|iPhone.ActiveCfg = Release|Any CPU
		{A1E285CF-B9A1-43BC-8AA4-8403663F237B}.Release|iPhone.Build.0 = Release|Any CPU
		{A1E285CF-B9A1-43BC-8AA4-8403663F237B}.Release|iPhoneSimulator.ActiveCfg = Release|Any CPU
		{A1E285CF-B9A1-43BC-8AA4-8403663F237B}.Release|iPhoneSimulator.Build.0 = Release|Any CPU
		{935E0712-B01C-4718-AD11-058AC0D13699}.Ad-Hoc|Any CPU.ActiveCfg = Debug|Any CPU
		{935E0712-B01C-4718-AD11-058AC0D13699}.Ad-Hoc|Any CPU.Build.0 = Debug|Any CPU
		{935E0712-B01C-4718-AD11-058AC0D13699}.Ad-Hoc|Any CPU.Deploy.0 = Debug|Any CPU
		{935E0712-B01C-4718-AD11-058AC0D13699}.Ad-Hoc|iPhone.ActiveCfg = Debug|Any CPU
		{935E0712-B01C-4718-AD11-058AC0D13699}.Ad-Hoc|iPhone.Build.0 = Debug|Any CPU
		{935E0712-B01C-4718-AD11-058AC0D13699}.Ad-Hoc|iPhone.Deploy.0 = Debug|Any CPU
		{935E0712-B01C-4718-AD11-058AC0D13699}.Ad-Hoc|iPhoneSimulator.ActiveCfg = Debug|Any CPU
		{935E0712-B01C-4718-AD11-058AC0D13699}.Ad-Hoc|iPhoneSimulator.Build.0 = Debug|Any CPU
		{935E0712-B01C-4718-AD11-058AC0D13699}.Ad-Hoc|iPhoneSimulator.Deploy.0 = Debug|Any CPU
		{935E0712-B01C-4718-AD11-058AC0D13699}.AppStore|Any CPU.ActiveCfg = Debug|Any CPU
		{935E0712-B01C-4718-AD11-058AC0D13699}.AppStore|Any CPU.Build.0 = Debug|Any CPU
		{935E0712-B01C-4718-AD11-058AC0D13699}.AppStore|Any CPU.Deploy.0 = Debug|Any CPU
		{935E0712-B01C-4718-AD11-058AC0D13699}.AppStore|iPhone.ActiveCfg = Debug|Any CPU
		{935E0712-B01C-4718-AD11-058AC0D13699}.AppStore|iPhone.Build.0 = Debug|Any CPU
		{935E0712-B01C-4718-AD11-058AC0D13699}.AppStore|iPhone.Deploy.0 = Debug|Any CPU
		{935E0712-B01C-4718-AD11-058AC0D13699}.AppStore|iPhoneSimulator.ActiveCfg = Debug|Any CPU
		{935E0712-B01C-4718-AD11-058AC0D13699}.AppStore|iPhoneSimulator.Build.0 = Debug|Any CPU
		{935E0712-B01C-4718-AD11-058AC0D13699}.AppStore|iPhoneSimulator.Deploy.0 = Debug|Any CPU
		{935E0712-B01C-4718-AD11-058AC0D13699}.Debug|Any CPU.ActiveCfg = Debug|Any CPU
		{935E0712-B01C-4718-AD11-058AC0D13699}.Debug|Any CPU.Build.0 = Debug|Any CPU
		{935E0712-B01C-4718-AD11-058AC0D13699}.Debug|Any CPU.Deploy.0 = Debug|Any CPU
		{935E0712-B01C-4718-AD11-058AC0D13699}.Debug|iPhone.ActiveCfg = Debug|Any CPU
		{935E0712-B01C-4718-AD11-058AC0D13699}.Debug|iPhone.Build.0 = Debug|Any CPU
		{935E0712-B01C-4718-AD11-058AC0D13699}.Debug|iPhone.Deploy.0 = Debug|Any CPU
		{935E0712-B01C-4718-AD11-058AC0D13699}.Debug|iPhoneSimulator.ActiveCfg = Debug|Any CPU
		{935E0712-B01C-4718-AD11-058AC0D13699}.Debug|iPhoneSimulator.Build.0 = Debug|Any CPU
		{935E0712-B01C-4718-AD11-058AC0D13699}.Debug|iPhoneSimulator.Deploy.0 = Debug|Any CPU
		{935E0712-B01C-4718-AD11-058AC0D13699}.Release|Any CPU.ActiveCfg = Release|Any CPU
		{935E0712-B01C-4718-AD11-058AC0D13699}.Release|Any CPU.Build.0 = Release|Any CPU
		{935E0712-B01C-4718-AD11-058AC0D13699}.Release|Any CPU.Deploy.0 = Release|Any CPU
		{935E0712-B01C-4718-AD11-058AC0D13699}.Release|iPhone.ActiveCfg = Release|Any CPU
		{935E0712-B01C-4718-AD11-058AC0D13699}.Release|iPhone.Build.0 = Release|Any CPU
		{935E0712-B01C-4718-AD11-058AC0D13699}.Release|iPhone.Deploy.0 = Release|Any CPU
		{935E0712-B01C-4718-AD11-058AC0D13699}.Release|iPhoneSimulator.ActiveCfg = Release|Any CPU
		{935E0712-B01C-4718-AD11-058AC0D13699}.Release|iPhoneSimulator.Build.0 = Release|Any CPU
		{935E0712-B01C-4718-AD11-058AC0D13699}.Release|iPhoneSimulator.Deploy.0 = Release|Any CPU
		{1AB2CD97-B018-4A77-B5AE-36163BA280B7}.Ad-Hoc|Any CPU.ActiveCfg = Ad-Hoc|iPhoneSimulator
		{1AB2CD97-B018-4A77-B5AE-36163BA280B7}.Ad-Hoc|iPhone.ActiveCfg = Ad-Hoc|iPhone
		{1AB2CD97-B018-4A77-B5AE-36163BA280B7}.Ad-Hoc|iPhone.Build.0 = Ad-Hoc|iPhone
		{1AB2CD97-B018-4A77-B5AE-36163BA280B7}.Ad-Hoc|iPhoneSimulator.ActiveCfg = Ad-Hoc|iPhoneSimulator
		{1AB2CD97-B018-4A77-B5AE-36163BA280B7}.Ad-Hoc|iPhoneSimulator.Build.0 = Ad-Hoc|iPhoneSimulator
		{1AB2CD97-B018-4A77-B5AE-36163BA280B7}.AppStore|Any CPU.ActiveCfg = AppStore|iPhoneSimulator
		{1AB2CD97-B018-4A77-B5AE-36163BA280B7}.AppStore|iPhone.ActiveCfg = AppStore|iPhone
		{1AB2CD97-B018-4A77-B5AE-36163BA280B7}.AppStore|iPhone.Build.0 = AppStore|iPhone
		{1AB2CD97-B018-4A77-B5AE-36163BA280B7}.AppStore|iPhoneSimulator.ActiveCfg = AppStore|iPhoneSimulator
		{1AB2CD97-B018-4A77-B5AE-36163BA280B7}.AppStore|iPhoneSimulator.Build.0 = AppStore|iPhoneSimulator
		{1AB2CD97-B018-4A77-B5AE-36163BA280B7}.Debug|Any CPU.ActiveCfg = Debug|iPhoneSimulator
		{1AB2CD97-B018-4A77-B5AE-36163BA280B7}.Debug|iPhone.ActiveCfg = Debug|iPhone
		{1AB2CD97-B018-4A77-B5AE-36163BA280B7}.Debug|iPhone.Build.0 = Debug|iPhone
		{1AB2CD97-B018-4A77-B5AE-36163BA280B7}.Debug|iPhoneSimulator.ActiveCfg = Debug|iPhoneSimulator
		{1AB2CD97-B018-4A77-B5AE-36163BA280B7}.Debug|iPhoneSimulator.Build.0 = Debug|iPhoneSimulator
		{1AB2CD97-B018-4A77-B5AE-36163BA280B7}.Release|Any CPU.ActiveCfg = Release|iPhoneSimulator
		{1AB2CD97-B018-4A77-B5AE-36163BA280B7}.Release|iPhone.ActiveCfg = Release|iPhone
		{1AB2CD97-B018-4A77-B5AE-36163BA280B7}.Release|iPhone.Build.0 = Release|iPhone
		{1AB2CD97-B018-4A77-B5AE-36163BA280B7}.Release|iPhoneSimulator.ActiveCfg = Release|iPhoneSimulator
		{1AB2CD97-B018-4A77-B5AE-36163BA280B7}.Release|iPhoneSimulator.Build.0 = Release|iPhoneSimulator
	EndGlobalSection
	GlobalSection(SolutionProperties) = preSolution
		HideSolutionNode = FALSE
	EndGlobalSection
	GlobalSection(ExtensibilityGlobals) = postSolution
		SolutionGuid = {519C159B-B568-412A-A178-F65856CDC1FA}
	EndGlobalSection
EndGlobal
